
Microsoft Visual Studio Solution File, Format Version 12.00
# Visual Studio 15
VisualStudioVersion = 15.0.27703.2042
MinimumVisualStudioVersion = 10.0.40219.1
Project("{FAE04EC0-301F-11D3-BF4B-00C04F79EFBC}") = "deDupeTOMIS", "deDupeTOMIS\deDupeTOMIS.csproj", "{0BC3F28E-C3F5-4085-8E07-8B467BE884A0}"
EndProject
Global
	GlobalSection(SolutionConfigurationPlatforms) = preSolution
		Debug|Any CPU = Debug|Any CPU
		Release|Any CPU = Release|Any CPU
	EndGlobalSection
	GlobalSection(ProjectConfigurationPlatforms) = postSolution
		{0BC3F28E-C3F5-4085-8E07-8B467BE884A0}.Debug|Any CPU.ActiveCfg = Debug|Any CPU
		{0BC3F28E-C3F5-4085-8E07-8B467BE884A0}.Debug|Any CPU.Build.0 = Debug|Any CPU
		{0BC3F28E-C3F5-4085-8E07-8B467BE884A0}.Release|Any CPU.ActiveCfg = Release|Any CPU
		{0BC3F28E-C3F5-4085-8E07-8B467BE884A0}.Release|Any CPU.Build.0 = Release|Any CPU
	EndGlobalSection
	GlobalSection(SolutionProperties) = preSolution
		HideSolutionNode = FALSE
	EndGlobalSection
	GlobalSection(ExtensibilityGlobals) = postSolution
		SolutionGuid = {73179176-7499-475C-BCEE-24DF9F21FEE0}
	EndGlobalSection
EndGlobal
